// !$*UTF8*$!
{
	archiveVersion = 1;
	classes = {
	};
	objectVersion = 56;
	objects = {

/* Begin PBXBuildFile section */
		189E852F2D2C06650049EE4B /* TestBaseURLProvider.swift in Sources */ = {isa = PBXBuildFile; fileRef = 189E852E2D2C06650049EE4B /* TestBaseURLProvider.swift */; };
		189E85312D2C066C0049EE4B /* ProdBaseURLProvider.swift in Sources */ = {isa = PBXBuildFile; fileRef = 189E85302D2C066C0049EE4B /* ProdBaseURLProvider.swift */; };
		189E85332D2C08130049EE4B /* BaseURLProviderFactory.swift in Sources */ = {isa = PBXBuildFile; fileRef = 189E85322D2C08130049EE4B /* BaseURLProviderFactory.swift */; };
		189E85342D2C08B70049EE4B /* BaseURLProviderFactory.swift in Sources */ = {isa = PBXBuildFile; fileRef = 189E85322D2C08130049EE4B /* BaseURLProviderFactory.swift */; };
		189E85352D2C08BA0049EE4B /* TestBaseURLProvider.swift in Sources */ = {isa = PBXBuildFile; fileRef = 189E852E2D2C06650049EE4B /* TestBaseURLProvider.swift */; };
		189E85362D2C08BC0049EE4B /* ProdBaseURLProvider.swift in Sources */ = {isa = PBXBuildFile; fileRef = 189E85302D2C066C0049EE4B /* ProdBaseURLProvider.swift */; };
		189E853D2D2C18810049EE4B /* LandingView.swift in Sources */ = {isa = PBXBuildFile; fileRef = 189E85372D2C18810049EE4B /* LandingView.swift */; };
		189E853E2D2C18810049EE4B /* LandingView.swift in Sources */ = {isa = PBXBuildFile; fileRef = 189E85372D2C18810049EE4B /* LandingView.swift */; };
		189E853F2D2C18810049EE4B /* RecreationalView.swift in Sources */ = {isa = PBXBuildFile; fileRef = 189E85382D2C18810049EE4B /* RecreationalView.swift */; };
		189E85402D2C18810049EE4B /* RecreationalView.swift in Sources */ = {isa = PBXBuildFile; fileRef = 189E85382D2C18810049EE4B /* RecreationalView.swift */; };
		189E85412D2C18810049EE4B /* AdvancedView.swift in Sources */ = {isa = PBXBuildFile; fileRef = 189E85392D2C18810049EE4B /* AdvancedView.swift */; };
		189E85422D2C18810049EE4B /* AdvancedView.swift in Sources */ = {isa = PBXBuildFile; fileRef = 189E85392D2C18810049EE4B /* AdvancedView.swift */; };
		189E85432D2C18810049EE4B /* AdvancedUsersListView.swift in Sources */ = {isa = PBXBuildFile; fileRef = 189E853A2D2C18810049EE4B /* AdvancedUsersListView.swift */; };
		189E85442D2C18810049EE4B /* AdvancedUsersListView.swift in Sources */ = {isa = PBXBuildFile; fileRef = 189E853A2D2C18810049EE4B /* AdvancedUsersListView.swift */; };
		189E85452D2C18810049EE4B /* RecreationalListView.swift in Sources */ = {isa = PBXBuildFile; fileRef = 189E853B2D2C18810049EE4B /* RecreationalListView.swift */; };
		189E85462D2C18810049EE4B /* RecreationalListView.swift in Sources */ = {isa = PBXBuildFile; fileRef = 189E853B2D2C18810049EE4B /* RecreationalListView.swift */; };
		189E854A2D2C189A0049EE4B /* LandingViewModel.swift in Sources */ = {isa = PBXBuildFile; fileRef = 189E85472D2C189A0049EE4B /* LandingViewModel.swift */; };
		189E854B2D2C189A0049EE4B /* LandingViewModel.swift in Sources */ = {isa = PBXBuildFile; fileRef = 189E85472D2C189A0049EE4B /* LandingViewModel.swift */; };
		189E854C2D2C189A0049EE4B /* RecreationalViewModel.swift in Sources */ = {isa = PBXBuildFile; fileRef = 189E85482D2C189A0049EE4B /* RecreationalViewModel.swift */; };
		189E854D2D2C189A0049EE4B /* RecreationalViewModel.swift in Sources */ = {isa = PBXBuildFile; fileRef = 189E85482D2C189A0049EE4B /* RecreationalViewModel.swift */; };
		189E854E2D2C189A0049EE4B /* AdvancedViewModel.swift in Sources */ = {isa = PBXBuildFile; fileRef = 189E85492D2C189A0049EE4B /* AdvancedViewModel.swift */; };
		189E854F2D2C189A0049EE4B /* AdvancedViewModel.swift in Sources */ = {isa = PBXBuildFile; fileRef = 189E85492D2C189A0049EE4B /* AdvancedViewModel.swift */; };
		189E85522D2C18B40049EE4B /* AdvancedPlayerModel.swift in Sources */ = {isa = PBXBuildFile; fileRef = 189E85502D2C18B30049EE4B /* AdvancedPlayerModel.swift */; };
		189E85532D2C18B40049EE4B /* AdvancedPlayerModel.swift in Sources */ = {isa = PBXBuildFile; fileRef = 189E85502D2C18B30049EE4B /* AdvancedPlayerModel.swift */; };
		189E85542D2C18B40049EE4B /* RecreationalPlayerModel.swift in Sources */ = {isa = PBXBuildFile; fileRef = 189E85512D2C18B40049EE4B /* RecreationalPlayerModel.swift */; };
		189E85552D2C18B40049EE4B /* RecreationalPlayerModel.swift in Sources */ = {isa = PBXBuildFile; fileRef = 189E85512D2C18B40049EE4B /* RecreationalPlayerModel.swift */; };
		189E855C2D2C18CD0049EE4B /* RecreationalPlayersMockData.json in Resources */ = {isa = PBXBuildFile; fileRef = 189E85572D2C18CD0049EE4B /* RecreationalPlayersMockData.json */; };
		189E855D2D2C18CD0049EE4B /* RecreationalPlayersMockData.json in Resources */ = {isa = PBXBuildFile; fileRef = 189E85572D2C18CD0049EE4B /* RecreationalPlayersMockData.json */; };
		189E855E2D2C18CD0049EE4B /* AdvancedPlayersMockData.json in Resources */ = {isa = PBXBuildFile; fileRef = 189E85582D2C18CD0049EE4B /* AdvancedPlayersMockData.json */; };
		189E855F2D2C18CD0049EE4B /* AdvancedPlayersMockData.json in Resources */ = {isa = PBXBuildFile; fileRef = 189E85582D2C18CD0049EE4B /* AdvancedPlayersMockData.json */; };
		189E856F2D2C29790049EE4B /* RecreationalViewModelTests.swift in Sources */ = {isa = PBXBuildFile; fileRef = 189E856E2D2C29790049EE4B /* RecreationalViewModelTests.swift */; };
		189E85712D2C29A70049EE4B /* AdvancedViewModelTests.swift in Sources */ = {isa = PBXBuildFile; fileRef = 189E85702D2C29A70049EE4B /* AdvancedViewModelTests.swift */; };
		189E85732D2C36790049EE4B /* RecreationalMockDataProvider.swift in Sources */ = {isa = PBXBuildFile; fileRef = 189E85722D2C36790049EE4B /* RecreationalMockDataProvider.swift */; };
		189E85742D2C36790049EE4B /* RecreationalMockDataProvider.swift in Sources */ = {isa = PBXBuildFile; fileRef = 189E85722D2C36790049EE4B /* RecreationalMockDataProvider.swift */; };
		189E85762D2C36A50049EE4B /* AdvancedMockDataProvider.swift in Sources */ = {isa = PBXBuildFile; fileRef = 189E85752D2C36A50049EE4B /* AdvancedMockDataProvider.swift */; };
		189E85772D2C36A50049EE4B /* AdvancedMockDataProvider.swift in Sources */ = {isa = PBXBuildFile; fileRef = 189E85752D2C36A50049EE4B /* AdvancedMockDataProvider.swift */; };
		189E85792D2CEC630049EE4B /* MockURLSession.swift in Sources */ = {isa = PBXBuildFile; fileRef = 189E85782D2CEC630049EE4B /* MockURLSession.swift */; };
		189E857A2D2CEC630049EE4B /* MockURLSession.swift in Sources */ = {isa = PBXBuildFile; fileRef = 189E85782D2CEC630049EE4B /* MockURLSession.swift */; };
		189E857C2D2CFCE20049EE4B /* URLSessionAdapter.swift in Sources */ = {isa = PBXBuildFile; fileRef = 189E857B2D2CFCE20049EE4B /* URLSessionAdapter.swift */; };
		189E857D2D2CFCE20049EE4B /* URLSessionAdapter.swift in Sources */ = {isa = PBXBuildFile; fileRef = 189E857B2D2CFCE20049EE4B /* URLSessionAdapter.swift */; };
		189E857F2D2CFD050049EE4B /* URLSessionProtocol.swift in Sources */ = {isa = PBXBuildFile; fileRef = 189E857E2D2CFD050049EE4B /* URLSessionProtocol.swift */; };
		189E85802D2CFD050049EE4B /* URLSessionProtocol.swift in Sources */ = {isa = PBXBuildFile; fileRef = 189E857E2D2CFD050049EE4B /* URLSessionProtocol.swift */; };
		189E85822D2CFDA60049EE4B /* JSONFetcherProtocol.swift in Sources */ = {isa = PBXBuildFile; fileRef = 189E85812D2CFDA60049EE4B /* JSONFetcherProtocol.swift */; };
		189E85832D2CFDA60049EE4B /* JSONFetcherProtocol.swift in Sources */ = {isa = PBXBuildFile; fileRef = 189E85812D2CFDA60049EE4B /* JSONFetcherProtocol.swift */; };
		189E85852D2CFDE20049EE4B /* BaseURLProviderProtocol.swift in Sources */ = {isa = PBXBuildFile; fileRef = 189E85842D2CFDE20049EE4B /* BaseURLProviderProtocol.swift */; };
		189E85862D2CFDE20049EE4B /* BaseURLProviderProtocol.swift in Sources */ = {isa = PBXBuildFile; fileRef = 189E85842D2CFDE20049EE4B /* BaseURLProviderProtocol.swift */; };
		189E85882D2CFDF60049EE4B /* APIServiceProtocol.swift in Sources */ = {isa = PBXBuildFile; fileRef = 189E85872D2CFDF60049EE4B /* APIServiceProtocol.swift */; };
		189E85892D2CFDF60049EE4B /* APIServiceProtocol.swift in Sources */ = {isa = PBXBuildFile; fileRef = 189E85872D2CFDF60049EE4B /* APIServiceProtocol.swift */; };
		189E858B2D2CFE2D0049EE4B /* APIRequestBuilderProtocol.swift in Sources */ = {isa = PBXBuildFile; fileRef = 189E858A2D2CFE2D0049EE4B /* APIRequestBuilderProtocol.swift */; };
		189E858C2D2CFE2D0049EE4B /* APIRequestBuilderProtocol.swift in Sources */ = {isa = PBXBuildFile; fileRef = 189E858A2D2CFE2D0049EE4B /* APIRequestBuilderProtocol.swift */; };
		189E85912D2CFFC40049EE4B /* URLSessionMockTests.swift in Sources */ = {isa = PBXBuildFile; fileRef = 189E85902D2CFFC40049EE4B /* URLSessionMockTests.swift */; };
		18B049712D1D3D1B00E62C39 /* Assets.xcassets in Resources */ = {isa = PBXBuildFile; fileRef = 18B049702D1D3D1B00E62C39 /* Assets.xcassets */; };
		18B049742D1D3D1B00E62C39 /* Preview Assets.xcassets in Resources */ = {isa = PBXBuildFile; fileRef = 18B049732D1D3D1B00E62C39 /* Preview Assets.xcassets */; };
		18B0497E2D1D3D1C00E62C39 /* API_CallingTests.swift in Sources */ = {isa = PBXBuildFile; fileRef = 18B0497D2D1D3D1C00E62C39 /* API_CallingTests.swift */; };
		18B049882D1D3D1C00E62C39 /* API_CallingUITests.swift in Sources */ = {isa = PBXBuildFile; fileRef = 18B049872D1D3D1C00E62C39 /* API_CallingUITests.swift */; };
		18B0498A2D1D3D1C00E62C39 /* API_CallingUITestsLaunchTests.swift in Sources */ = {isa = PBXBuildFile; fileRef = 18B049892D1D3D1C00E62C39 /* API_CallingUITestsLaunchTests.swift */; };
		18C76A762D2BD07100E19CCD /* Utils.swift in Sources */ = {isa = PBXBuildFile; fileRef = 18C76A6F2D2BD07100E19CCD /* Utils.swift */; };
		18C76A772D2BD07100E19CCD /* Utils.swift in Sources */ = {isa = PBXBuildFile; fileRef = 18C76A6F2D2BD07100E19CCD /* Utils.swift */; };
		18C76A792D2BD07C00E19CCD /* LoadingStates.swift in Sources */ = {isa = PBXBuildFile; fileRef = 18C76A782D2BD07C00E19CCD /* LoadingStates.swift */; };
		18C76A7A2D2BD07C00E19CCD /* LoadingStates.swift in Sources */ = {isa = PBXBuildFile; fileRef = 18C76A782D2BD07C00E19CCD /* LoadingStates.swift */; };
		18C76BDE2D2BD6E500E19CCD /* APIRequestBuilder.swift in Sources */ = {isa = PBXBuildFile; fileRef = 18C76BD12D2BD6E500E19CCD /* APIRequestBuilder.swift */; };
		18C76BDF2D2BD6E500E19CCD /* APIRequestBuilder.swift in Sources */ = {isa = PBXBuildFile; fileRef = 18C76BD12D2BD6E500E19CCD /* APIRequestBuilder.swift */; };
		18C76BE02D2BD6E500E19CCD /* APIService.swift in Sources */ = {isa = PBXBuildFile; fileRef = 18C76BD22D2BD6E500E19CCD /* APIService.swift */; };
		18C76BE12D2BD6E500E19CCD /* APIService.swift in Sources */ = {isa = PBXBuildFile; fileRef = 18C76BD22D2BD6E500E19CCD /* APIService.swift */; };
		18C76BE22D2BD6E500E19CCD /* JSONFetcher.swift in Sources */ = {isa = PBXBuildFile; fileRef = 18C76BD32D2BD6E500E19CCD /* JSONFetcher.swift */; };
		18C76BE32D2BD6E500E19CCD /* JSONFetcher.swift in Sources */ = {isa = PBXBuildFile; fileRef = 18C76BD32D2BD6E500E19CCD /* JSONFetcher.swift */; };
		18C76BE82D2BD75A00E19CCD /* API_CallingApp.swift in Sources */ = {isa = PBXBuildFile; fileRef = 18C76BE62D2BD75A00E19CCD /* API_CallingApp.swift */; };
		18C76BE92D2BD75A00E19CCD /* API_CallingApp.swift in Sources */ = {isa = PBXBuildFile; fileRef = 18C76BE62D2BD75A00E19CCD /* API_CallingApp.swift */; };
/* End PBXBuildFile section */

/* Begin PBXContainerItemProxy section */
		18B0497A2D1D3D1C00E62C39 /* PBXContainerItemProxy */ = {
			isa = PBXContainerItemProxy;
			containerPortal = 18B049612D1D3D1A00E62C39 /* Project object */;
			proxyType = 1;
			remoteGlobalIDString = 18B049682D1D3D1A00E62C39;
			remoteInfo = API_Calling;
		};
		18B049842D1D3D1C00E62C39 /* PBXContainerItemProxy */ = {
			isa = PBXContainerItemProxy;
			containerPortal = 18B049612D1D3D1A00E62C39 /* Project object */;
			proxyType = 1;
			remoteGlobalIDString = 18B049682D1D3D1A00E62C39;
			remoteInfo = API_Calling;
		};
/* End PBXContainerItemProxy section */

/* Begin PBXFileReference section */
		189E852E2D2C06650049EE4B /* TestBaseURLProvider.swift */ = {isa = PBXFileReference; lastKnownFileType = sourcecode.swift; path = TestBaseURLProvider.swift; sourceTree = "<group>"; };
		189E85302D2C066C0049EE4B /* ProdBaseURLProvider.swift */ = {isa = PBXFileReference; lastKnownFileType = sourcecode.swift; path = ProdBaseURLProvider.swift; sourceTree = "<group>"; };
		189E85322D2C08130049EE4B /* BaseURLProviderFactory.swift */ = {isa = PBXFileReference; lastKnownFileType = sourcecode.swift; path = BaseURLProviderFactory.swift; sourceTree = "<group>"; };
		189E85372D2C18810049EE4B /* LandingView.swift */ = {isa = PBXFileReference; fileEncoding = 4; lastKnownFileType = sourcecode.swift; path = LandingView.swift; sourceTree = "<group>"; };
		189E85382D2C18810049EE4B /* RecreationalView.swift */ = {isa = PBXFileReference; fileEncoding = 4; lastKnownFileType = sourcecode.swift; path = RecreationalView.swift; sourceTree = "<group>"; };
		189E85392D2C18810049EE4B /* AdvancedView.swift */ = {isa = PBXFileReference; fileEncoding = 4; lastKnownFileType = sourcecode.swift; path = AdvancedView.swift; sourceTree = "<group>"; };
		189E853A2D2C18810049EE4B /* AdvancedUsersListView.swift */ = {isa = PBXFileReference; fileEncoding = 4; lastKnownFileType = sourcecode.swift; path = AdvancedUsersListView.swift; sourceTree = "<group>"; };
		189E853B2D2C18810049EE4B /* RecreationalListView.swift */ = {isa = PBXFileReference; fileEncoding = 4; lastKnownFileType = sourcecode.swift; path = RecreationalListView.swift; sourceTree = "<group>"; };
		189E85472D2C189A0049EE4B /* LandingViewModel.swift */ = {isa = PBXFileReference; fileEncoding = 4; lastKnownFileType = sourcecode.swift; path = LandingViewModel.swift; sourceTree = "<group>"; };
		189E85482D2C189A0049EE4B /* RecreationalViewModel.swift */ = {isa = PBXFileReference; fileEncoding = 4; lastKnownFileType = sourcecode.swift; path = RecreationalViewModel.swift; sourceTree = "<group>"; };
		189E85492D2C189A0049EE4B /* AdvancedViewModel.swift */ = {isa = PBXFileReference; fileEncoding = 4; lastKnownFileType = sourcecode.swift; path = AdvancedViewModel.swift; sourceTree = "<group>"; };
		189E85502D2C18B30049EE4B /* AdvancedPlayerModel.swift */ = {isa = PBXFileReference; fileEncoding = 4; lastKnownFileType = sourcecode.swift; path = AdvancedPlayerModel.swift; sourceTree = "<group>"; };
		189E85512D2C18B40049EE4B /* RecreationalPlayerModel.swift */ = {isa = PBXFileReference; fileEncoding = 4; lastKnownFileType = sourcecode.swift; path = RecreationalPlayerModel.swift; sourceTree = "<group>"; };
		189E85572D2C18CD0049EE4B /* RecreationalPlayersMockData.json */ = {isa = PBXFileReference; fileEncoding = 4; lastKnownFileType = text.json; path = RecreationalPlayersMockData.json; sourceTree = "<group>"; };
		189E85582D2C18CD0049EE4B /* AdvancedPlayersMockData.json */ = {isa = PBXFileReference; fileEncoding = 4; lastKnownFileType = text.json; path = AdvancedPlayersMockData.json; sourceTree = "<group>"; };
		189E856E2D2C29790049EE4B /* RecreationalViewModelTests.swift */ = {isa = PBXFileReference; lastKnownFileType = sourcecode.swift; path = RecreationalViewModelTests.swift; sourceTree = "<group>"; };
		189E85702D2C29A70049EE4B /* AdvancedViewModelTests.swift */ = {isa = PBXFileReference; lastKnownFileType = sourcecode.swift; path = AdvancedViewModelTests.swift; sourceTree = "<group>"; };
		189E85722D2C36790049EE4B /* RecreationalMockDataProvider.swift */ = {isa = PBXFileReference; lastKnownFileType = sourcecode.swift; path = RecreationalMockDataProvider.swift; sourceTree = "<group>"; };
		189E85752D2C36A50049EE4B /* AdvancedMockDataProvider.swift */ = {isa = PBXFileReference; lastKnownFileType = sourcecode.swift; path = AdvancedMockDataProvider.swift; sourceTree = "<group>"; };
		189E85782D2CEC630049EE4B /* MockURLSession.swift */ = {isa = PBXFileReference; lastKnownFileType = sourcecode.swift; path = MockURLSession.swift; sourceTree = "<group>"; };
		189E857B2D2CFCE20049EE4B /* URLSessionAdapter.swift */ = {isa = PBXFileReference; lastKnownFileType = sourcecode.swift; path = URLSessionAdapter.swift; sourceTree = "<group>"; };
		189E857E2D2CFD050049EE4B /* URLSessionProtocol.swift */ = {isa = PBXFileReference; lastKnownFileType = sourcecode.swift; path = URLSessionProtocol.swift; sourceTree = "<group>"; };
		189E85812D2CFDA60049EE4B /* JSONFetcherProtocol.swift */ = {isa = PBXFileReference; lastKnownFileType = sourcecode.swift; path = JSONFetcherProtocol.swift; sourceTree = "<group>"; };
		189E85842D2CFDE20049EE4B /* BaseURLProviderProtocol.swift */ = {isa = PBXFileReference; lastKnownFileType = sourcecode.swift; path = BaseURLProviderProtocol.swift; sourceTree = "<group>"; };
		189E85872D2CFDF60049EE4B /* APIServiceProtocol.swift */ = {isa = PBXFileReference; lastKnownFileType = sourcecode.swift; path = APIServiceProtocol.swift; sourceTree = "<group>"; };
		189E858A2D2CFE2D0049EE4B /* APIRequestBuilderProtocol.swift */ = {isa = PBXFileReference; lastKnownFileType = sourcecode.swift; path = APIRequestBuilderProtocol.swift; sourceTree = "<group>"; };
		189E85902D2CFFC40049EE4B /* URLSessionMockTests.swift */ = {isa = PBXFileReference; lastKnownFileType = sourcecode.swift; path = URLSessionMockTests.swift; sourceTree = "<group>"; };
		18B049692D1D3D1A00E62C39 /* API_Calling.app */ = {isa = PBXFileReference; explicitFileType = wrapper.application; includeInIndex = 0; path = API_Calling.app; sourceTree = BUILT_PRODUCTS_DIR; };
		18B049702D1D3D1B00E62C39 /* Assets.xcassets */ = {isa = PBXFileReference; lastKnownFileType = folder.assetcatalog; path = Assets.xcassets; sourceTree = "<group>"; };
		18B049732D1D3D1B00E62C39 /* Preview Assets.xcassets */ = {isa = PBXFileReference; lastKnownFileType = folder.assetcatalog; path = "Preview Assets.xcassets"; sourceTree = "<group>"; };
		18B049792D1D3D1C00E62C39 /* API_CallingTests.xctest */ = {isa = PBXFileReference; explicitFileType = wrapper.cfbundle; includeInIndex = 0; path = API_CallingTests.xctest; sourceTree = BUILT_PRODUCTS_DIR; };
		18B0497D2D1D3D1C00E62C39 /* API_CallingTests.swift */ = {isa = PBXFileReference; lastKnownFileType = sourcecode.swift; path = API_CallingTests.swift; sourceTree = "<group>"; };
		18B049832D1D3D1C00E62C39 /* API_CallingUITests.xctest */ = {isa = PBXFileReference; explicitFileType = wrapper.cfbundle; includeInIndex = 0; path = API_CallingUITests.xctest; sourceTree = BUILT_PRODUCTS_DIR; };
		18B049872D1D3D1C00E62C39 /* API_CallingUITests.swift */ = {isa = PBXFileReference; lastKnownFileType = sourcecode.swift; path = API_CallingUITests.swift; sourceTree = "<group>"; };
		18B049892D1D3D1C00E62C39 /* API_CallingUITestsLaunchTests.swift */ = {isa = PBXFileReference; lastKnownFileType = sourcecode.swift; path = API_CallingUITestsLaunchTests.swift; sourceTree = "<group>"; };
		18C76A6F2D2BD07100E19CCD /* Utils.swift */ = {isa = PBXFileReference; fileEncoding = 4; lastKnownFileType = sourcecode.swift; path = Utils.swift; sourceTree = "<group>"; };
		18C76A782D2BD07C00E19CCD /* LoadingStates.swift */ = {isa = PBXFileReference; lastKnownFileType = sourcecode.swift; path = LoadingStates.swift; sourceTree = "<group>"; };
		18C76BD12D2BD6E500E19CCD /* APIRequestBuilder.swift */ = {isa = PBXFileReference; fileEncoding = 4; lastKnownFileType = sourcecode.swift; path = APIRequestBuilder.swift; sourceTree = "<group>"; };
		18C76BD22D2BD6E500E19CCD /* APIService.swift */ = {isa = PBXFileReference; fileEncoding = 4; lastKnownFileType = sourcecode.swift; path = APIService.swift; sourceTree = "<group>"; };
		18C76BD32D2BD6E500E19CCD /* JSONFetcher.swift */ = {isa = PBXFileReference; fileEncoding = 4; lastKnownFileType = sourcecode.swift; path = JSONFetcher.swift; sourceTree = "<group>"; };
		18C76BE62D2BD75A00E19CCD /* API_CallingApp.swift */ = {isa = PBXFileReference; fileEncoding = 4; lastKnownFileType = sourcecode.swift; path = API_CallingApp.swift; sourceTree = "<group>"; };
/* End PBXFileReference section */

/* Begin PBXFrameworksBuildPhase section */
		18B049662D1D3D1A00E62C39 /* Frameworks */ = {
			isa = PBXFrameworksBuildPhase;
			buildActionMask = 2147483647;
			files = (
			);
			runOnlyForDeploymentPostprocessing = 0;
		};
		18B049762D1D3D1C00E62C39 /* Frameworks */ = {
			isa = PBXFrameworksBuildPhase;
			buildActionMask = 2147483647;
			files = (
			);
			runOnlyForDeploymentPostprocessing = 0;
		};
		18B049802D1D3D1C00E62C39 /* Frameworks */ = {
			isa = PBXFrameworksBuildPhase;
			buildActionMask = 2147483647;
			files = (
			);
			runOnlyForDeploymentPostprocessing = 0;
		};
/* End PBXFrameworksBuildPhase section */

/* Begin PBXGroup section */
		189E853C2D2C18810049EE4B /* ViewComponents */ = {
			isa = PBXGroup;
			children = (
				189E853A2D2C18810049EE4B /* AdvancedUsersListView.swift */,
				189E853B2D2C18810049EE4B /* RecreationalListView.swift */,
			);
			path = ViewComponents;
			sourceTree = "<group>";
		};
		18B049602D1D3D1A00E62C39 = {
			isa = PBXGroup;
			children = (
				18B0496B2D1D3D1A00E62C39 /* API_Calling */,
				18B0497C2D1D3D1C00E62C39 /* API_CallingTests */,
				18B049862D1D3D1C00E62C39 /* API_CallingUITests */,
				18B0496A2D1D3D1A00E62C39 /* Products */,
			);
			sourceTree = "<group>";
		};
		18B0496A2D1D3D1A00E62C39 /* Products */ = {
			isa = PBXGroup;
			children = (
				18B049692D1D3D1A00E62C39 /* API_Calling.app */,
				18B049792D1D3D1C00E62C39 /* API_CallingTests.xctest */,
				18B049832D1D3D1C00E62C39 /* API_CallingUITests.xctest */,
			);
			name = Products;
			sourceTree = "<group>";
		};
		18B0496B2D1D3D1A00E62C39 /* API_Calling */ = {
			isa = PBXGroup;
			children = (
				18C76BE72D2BD75A00E19CCD /* Setup */,
				18C76BB12D2BD65700E19CCD /* ServicesAndHelper */,
				18C76B872D2BD5C600E19CCD /* MockData */,
				18C76B3B2D2BD5A900E19CCD /* Models */,
				18C76B562D2BD5A900E19CCD /* ViewModels */,
				18C76B4B2D2BD5A900E19CCD /* Views */,
				18C76A712D2BD07100E19CCD /* Common */,
				18B049702D1D3D1B00E62C39 /* Assets.xcassets */,
				18B049722D1D3D1B00E62C39 /* Preview Content */,
			);
			path = API_Calling;
			sourceTree = "<group>";
		};
		18B049722D1D3D1B00E62C39 /* Preview Content */ = {
			isa = PBXGroup;
			children = (
				18B049732D1D3D1B00E62C39 /* Preview Assets.xcassets */,
			);
			path = "Preview Content";
			sourceTree = "<group>";
		};
		18B0497C2D1D3D1C00E62C39 /* API_CallingTests */ = {
			isa = PBXGroup;
			children = (
				18B0497D2D1D3D1C00E62C39 /* API_CallingTests.swift */,
				189E856E2D2C29790049EE4B /* RecreationalViewModelTests.swift */,
				189E85702D2C29A70049EE4B /* AdvancedViewModelTests.swift */,
				189E85902D2CFFC40049EE4B /* URLSessionMockTests.swift */,
				189E85782D2CEC630049EE4B /* MockURLSession.swift */,
			);
			path = API_CallingTests;
			sourceTree = "<group>";
		};
		18B049862D1D3D1C00E62C39 /* API_CallingUITests */ = {
			isa = PBXGroup;
			children = (
				18B049872D1D3D1C00E62C39 /* API_CallingUITests.swift */,
				18B049892D1D3D1C00E62C39 /* API_CallingUITestsLaunchTests.swift */,
			);
			path = API_CallingUITests;
			sourceTree = "<group>";
		};
		18C76A6C2D2BD07100E19CCD /* LoadingStates */ = {
			isa = PBXGroup;
			children = (
				18C76A782D2BD07C00E19CCD /* LoadingStates.swift */,
			);
			path = LoadingStates;
			sourceTree = "<group>";
		};
		18C76A702D2BD07100E19CCD /* Utils */ = {
			isa = PBXGroup;
			children = (
				18C76A6F2D2BD07100E19CCD /* Utils.swift */,
			);
			path = Utils;
			sourceTree = "<group>";
		};
		18C76A712D2BD07100E19CCD /* Common */ = {
			isa = PBXGroup;
			children = (
				18C76A6C2D2BD07100E19CCD /* LoadingStates */,
				18C76A702D2BD07100E19CCD /* Utils */,
			);
			path = Common;
			sourceTree = "<group>";
		};
		18C76B3B2D2BD5A900E19CCD /* Models */ = {
			isa = PBXGroup;
			children = (
				189E85502D2C18B30049EE4B /* AdvancedPlayerModel.swift */,
				189E85512D2C18B40049EE4B /* RecreationalPlayerModel.swift */,
			);
			path = Models;
			sourceTree = "<group>";
		};
		18C76B4B2D2BD5A900E19CCD /* Views */ = {
			isa = PBXGroup;
			children = (
				189E85372D2C18810049EE4B /* LandingView.swift */,
				189E85392D2C18810049EE4B /* AdvancedView.swift */,
				189E85382D2C18810049EE4B /* RecreationalView.swift */,
				189E853C2D2C18810049EE4B /* ViewComponents */,
			);
			path = Views;
			sourceTree = "<group>";
		};
		18C76B562D2BD5A900E19CCD /* ViewModels */ = {
			isa = PBXGroup;
			children = (
				189E85492D2C189A0049EE4B /* AdvancedViewModel.swift */,
				189E85472D2C189A0049EE4B /* LandingViewModel.swift */,
				189E85482D2C189A0049EE4B /* RecreationalViewModel.swift */,
			);
			path = ViewModels;
			sourceTree = "<group>";
		};
		18C76B872D2BD5C600E19CCD /* MockData */ = {
			isa = PBXGroup;
			children = (
				189E85752D2C36A50049EE4B /* AdvancedMockDataProvider.swift */,
				189E85582D2C18CD0049EE4B /* AdvancedPlayersMockData.json */,
				189E85722D2C36790049EE4B /* RecreationalMockDataProvider.swift */,
				189E85572D2C18CD0049EE4B /* RecreationalPlayersMockData.json */,
			);
			path = MockData;
			sourceTree = "<group>";
		};
		18C76BB12D2BD65700E19CCD /* ServicesAndHelper */ = {
			isa = PBXGroup;
			children = (
				18C76BD52D2BD6E500E19CCD /* Service */,
				18C76BD02D2BD6E500E19CCD /* Helper */,
			);
			path = ServicesAndHelper;
			sourceTree = "<group>";
		};
		18C76BD02D2BD6E500E19CCD /* Helper */ = {
			isa = PBXGroup;
			children = (
				189E858A2D2CFE2D0049EE4B /* APIRequestBuilderProtocol.swift */,
				189E85872D2CFDF60049EE4B /* APIServiceProtocol.swift */,
				189E85842D2CFDE20049EE4B /* BaseURLProviderProtocol.swift */,
				189E85812D2CFDA60049EE4B /* JSONFetcherProtocol.swift */,
				189E857E2D2CFD050049EE4B /* URLSessionProtocol.swift */,
			);
			path = Helper;
			sourceTree = "<group>";
		};
		18C76BD52D2BD6E500E19CCD /* Service */ = {
			isa = PBXGroup;
			children = (
				18C76BD12D2BD6E500E19CCD /* APIRequestBuilder.swift */,
				18C76BD22D2BD6E500E19CCD /* APIService.swift */,
				18C76BD32D2BD6E500E19CCD /* JSONFetcher.swift */,
				189E85322D2C08130049EE4B /* BaseURLProviderFactory.swift */,
				189E852E2D2C06650049EE4B /* TestBaseURLProvider.swift */,
				189E85302D2C066C0049EE4B /* ProdBaseURLProvider.swift */,
				189E857B2D2CFCE20049EE4B /* URLSessionAdapter.swift */,
			);
			path = Service;
			sourceTree = "<group>";
		};
		18C76BE72D2BD75A00E19CCD /* Setup */ = {
			isa = PBXGroup;
			children = (
				18C76BE62D2BD75A00E19CCD /* API_CallingApp.swift */,
			);
			path = Setup;
			sourceTree = "<group>";
		};
/* End PBXGroup section */

/* Begin PBXNativeTarget section */
		18B049682D1D3D1A00E62C39 /* API_Calling */ = {
			isa = PBXNativeTarget;
			buildConfigurationList = 18B0498D2D1D3D1C00E62C39 /* Build configuration list for PBXNativeTarget "API_Calling" */;
			buildPhases = (
				18B049652D1D3D1A00E62C39 /* Sources */,
				18B049662D1D3D1A00E62C39 /* Frameworks */,
				18B049672D1D3D1A00E62C39 /* Resources */,
			);
			buildRules = (
			);
			dependencies = (
			);
			name = API_Calling;
			productName = API_Calling;
			productReference = 18B049692D1D3D1A00E62C39 /* API_Calling.app */;
			productType = "com.apple.product-type.application";
		};
		18B049782D1D3D1C00E62C39 /* API_CallingTests */ = {
			isa = PBXNativeTarget;
			buildConfigurationList = 18B049902D1D3D1C00E62C39 /* Build configuration list for PBXNativeTarget "API_CallingTests" */;
			buildPhases = (
				18B049752D1D3D1C00E62C39 /* Sources */,
				18B049762D1D3D1C00E62C39 /* Frameworks */,
				18B049772D1D3D1C00E62C39 /* Resources */,
			);
			buildRules = (
			);
			dependencies = (
				18B0497B2D1D3D1C00E62C39 /* PBXTargetDependency */,
			);
			name = API_CallingTests;
			productName = API_CallingTests;
			productReference = 18B049792D1D3D1C00E62C39 /* API_CallingTests.xctest */;
			productType = "com.apple.product-type.bundle.unit-test";
		};
		18B049822D1D3D1C00E62C39 /* API_CallingUITests */ = {
			isa = PBXNativeTarget;
			buildConfigurationList = 18B049932D1D3D1C00E62C39 /* Build configuration list for PBXNativeTarget "API_CallingUITests" */;
			buildPhases = (
				18B0497F2D1D3D1C00E62C39 /* Sources */,
				18B049802D1D3D1C00E62C39 /* Frameworks */,
				18B049812D1D3D1C00E62C39 /* Resources */,
			);
			buildRules = (
			);
			dependencies = (
				18B049852D1D3D1C00E62C39 /* PBXTargetDependency */,
			);
			name = API_CallingUITests;
			productName = API_CallingUITests;
			productReference = 18B049832D1D3D1C00E62C39 /* API_CallingUITests.xctest */;
			productType = "com.apple.product-type.bundle.ui-testing";
		};
/* End PBXNativeTarget section */

/* Begin PBXProject section */
		18B049612D1D3D1A00E62C39 /* Project object */ = {
			isa = PBXProject;
			attributes = {
				BuildIndependentTargetsInParallel = 1;
				LastSwiftUpdateCheck = 1530;
				LastUpgradeCheck = 1530;
				TargetAttributes = {
					18B049682D1D3D1A00E62C39 = {
						CreatedOnToolsVersion = 15.3;
					};
					18B049782D1D3D1C00E62C39 = {
						CreatedOnToolsVersion = 15.3;
						TestTargetID = 18B049682D1D3D1A00E62C39;
					};
					18B049822D1D3D1C00E62C39 = {
						CreatedOnToolsVersion = 15.3;
						TestTargetID = 18B049682D1D3D1A00E62C39;
					};
				};
			};
			buildConfigurationList = 18B049642D1D3D1A00E62C39 /* Build configuration list for PBXProject "API_Calling" */;
			compatibilityVersion = "Xcode 14.0";
			developmentRegion = en;
			hasScannedForEncodings = 0;
			knownRegions = (
				en,
				Base,
			);
			mainGroup = 18B049602D1D3D1A00E62C39;
			productRefGroup = 18B0496A2D1D3D1A00E62C39 /* Products */;
			projectDirPath = "";
			projectRoot = "";
			targets = (
				18B049682D1D3D1A00E62C39 /* API_Calling */,
				18B049782D1D3D1C00E62C39 /* API_CallingTests */,
				18B049822D1D3D1C00E62C39 /* API_CallingUITests */,
			);
		};
/* End PBXProject section */

/* Begin PBXResourcesBuildPhase section */
		18B049672D1D3D1A00E62C39 /* Resources */ = {
			isa = PBXResourcesBuildPhase;
			buildActionMask = 2147483647;
			files = (
				18B049742D1D3D1B00E62C39 /* Preview Assets.xcassets in Resources */,
				18B049712D1D3D1B00E62C39 /* Assets.xcassets in Resources */,
				189E855E2D2C18CD0049EE4B /* AdvancedPlayersMockData.json in Resources */,
				189E855C2D2C18CD0049EE4B /* RecreationalPlayersMockData.json in Resources */,
			);
			runOnlyForDeploymentPostprocessing = 0;
		};
		18B049772D1D3D1C00E62C39 /* Resources */ = {
			isa = PBXResourcesBuildPhase;
			buildActionMask = 2147483647;
			files = (
				189E855D2D2C18CD0049EE4B /* RecreationalPlayersMockData.json in Resources */,
				189E855F2D2C18CD0049EE4B /* AdvancedPlayersMockData.json in Resources */,
			);
			runOnlyForDeploymentPostprocessing = 0;
		};
		18B049812D1D3D1C00E62C39 /* Resources */ = {
			isa = PBXResourcesBuildPhase;
			buildActionMask = 2147483647;
			files = (
			);
			runOnlyForDeploymentPostprocessing = 0;
		};
/* End PBXResourcesBuildPhase section */

/* Begin PBXSourcesBuildPhase section */
		18B049652D1D3D1A00E62C39 /* Sources */ = {
			isa = PBXSourcesBuildPhase;
			buildActionMask = 2147483647;
			files = (
				189E858B2D2CFE2D0049EE4B /* APIRequestBuilderProtocol.swift in Sources */,
				189E857F2D2CFD050049EE4B /* URLSessionProtocol.swift in Sources */,
				189E85412D2C18810049EE4B /* AdvancedView.swift in Sources */,
				189E85762D2C36A50049EE4B /* AdvancedMockDataProvider.swift in Sources */,
				189E853F2D2C18810049EE4B /* RecreationalView.swift in Sources */,
				189E85312D2C066C0049EE4B /* ProdBaseURLProvider.swift in Sources */,
				18C76A792D2BD07C00E19CCD /* LoadingStates.swift in Sources */,
				189E85432D2C18810049EE4B /* AdvancedUsersListView.swift in Sources */,
				189E857C2D2CFCE20049EE4B /* URLSessionAdapter.swift in Sources */,
				189E852F2D2C06650049EE4B /* TestBaseURLProvider.swift in Sources */,
				18C76BDE2D2BD6E500E19CCD /* APIRequestBuilder.swift in Sources */,
				189E854E2D2C189A0049EE4B /* AdvancedViewModel.swift in Sources */,
				189E85822D2CFDA60049EE4B /* JSONFetcherProtocol.swift in Sources */,
				189E85542D2C18B40049EE4B /* RecreationalPlayerModel.swift in Sources */,
				189E854A2D2C189A0049EE4B /* LandingViewModel.swift in Sources */,
				189E85792D2CEC630049EE4B /* MockURLSession.swift in Sources */,
				189E85732D2C36790049EE4B /* RecreationalMockDataProvider.swift in Sources */,
				189E85882D2CFDF60049EE4B /* APIServiceProtocol.swift in Sources */,
				189E853D2D2C18810049EE4B /* LandingView.swift in Sources */,
				18C76A762D2BD07100E19CCD /* Utils.swift in Sources */,
				189E85852D2CFDE20049EE4B /* BaseURLProviderProtocol.swift in Sources */,
				189E85332D2C08130049EE4B /* BaseURLProviderFactory.swift in Sources */,
				189E854C2D2C189A0049EE4B /* RecreationalViewModel.swift in Sources */,
				18C76BE82D2BD75A00E19CCD /* API_CallingApp.swift in Sources */,
				18C76BE22D2BD6E500E19CCD /* JSONFetcher.swift in Sources */,
				18C76BE02D2BD6E500E19CCD /* APIService.swift in Sources */,
				189E85522D2C18B40049EE4B /* AdvancedPlayerModel.swift in Sources */,
				189E85452D2C18810049EE4B /* RecreationalListView.swift in Sources */,
			);
			runOnlyForDeploymentPostprocessing = 0;
		};
		18B049752D1D3D1C00E62C39 /* Sources */ = {
			isa = PBXSourcesBuildPhase;
			buildActionMask = 2147483647;
			files = (
				18B0497E2D1D3D1C00E62C39 /* API_CallingTests.swift in Sources */,
				189E85862D2CFDE20049EE4B /* BaseURLProviderProtocol.swift in Sources */,
				189E856F2D2C29790049EE4B /* RecreationalViewModelTests.swift in Sources */,
				189E85402D2C18810049EE4B /* RecreationalView.swift in Sources */,
				189E854F2D2C189A0049EE4B /* AdvancedViewModel.swift in Sources */,
				189E85552D2C18B40049EE4B /* RecreationalPlayerModel.swift in Sources */,
				189E85712D2C29A70049EE4B /* AdvancedViewModelTests.swift in Sources */,
				189E858C2D2CFE2D0049EE4B /* APIRequestBuilderProtocol.swift in Sources */,
				189E85912D2CFFC40049EE4B /* URLSessionMockTests.swift in Sources */,
				18C76BE32D2BD6E500E19CCD /* JSONFetcher.swift in Sources */,
				189E85422D2C18810049EE4B /* AdvancedView.swift in Sources */,
				189E85352D2C08BA0049EE4B /* TestBaseURLProvider.swift in Sources */,
				189E85832D2CFDA60049EE4B /* JSONFetcherProtocol.swift in Sources */,
				18C76BE92D2BD75A00E19CCD /* API_CallingApp.swift in Sources */,
				189E85442D2C18810049EE4B /* AdvancedUsersListView.swift in Sources */,
				189E85532D2C18B40049EE4B /* AdvancedPlayerModel.swift in Sources */,
				189E853E2D2C18810049EE4B /* LandingView.swift in Sources */,
				18C76A7A2D2BD07C00E19CCD /* LoadingStates.swift in Sources */,
				18C76BDF2D2BD6E500E19CCD /* APIRequestBuilder.swift in Sources */,
				189E85892D2CFDF60049EE4B /* APIServiceProtocol.swift in Sources */,
				189E85742D2C36790049EE4B /* RecreationalMockDataProvider.swift in Sources */,
				18C76A772D2BD07100E19CCD /* Utils.swift in Sources */,
				189E85462D2C18810049EE4B /* RecreationalListView.swift in Sources */,
				189E857D2D2CFCE20049EE4B /* URLSessionAdapter.swift in Sources */,
				189E857A2D2CEC630049EE4B /* MockURLSession.swift in Sources */,
				189E854D2D2C189A0049EE4B /* RecreationalViewModel.swift in Sources */,
				189E85342D2C08B70049EE4B /* BaseURLProviderFactory.swift in Sources */,
				189E854B2D2C189A0049EE4B /* LandingViewModel.swift in Sources */,
				189E85802D2CFD050049EE4B /* URLSessionProtocol.swift in Sources */,
				189E85362D2C08BC0049EE4B /* ProdBaseURLProvider.swift in Sources */,
				189E85772D2C36A50049EE4B /* AdvancedMockDataProvider.swift in Sources */,
				18C76BE12D2BD6E500E19CCD /* APIService.swift in Sources */,
			);
			runOnlyForDeploymentPostprocessing = 0;
		};
		18B0497F2D1D3D1C00E62C39 /* Sources */ = {
			isa = PBXSourcesBuildPhase;
			buildActionMask = 2147483647;
			files = (
				18B0498A2D1D3D1C00E62C39 /* API_CallingUITestsLaunchTests.swift in Sources */,
				18B049882D1D3D1C00E62C39 /* API_CallingUITests.swift in Sources */,
			);
			runOnlyForDeploymentPostprocessing = 0;
		};
/* End PBXSourcesBuildPhase section */

/* Begin PBXTargetDependency section */
		18B0497B2D1D3D1C00E62C39 /* PBXTargetDependency */ = {
			isa = PBXTargetDependency;
			target = 18B049682D1D3D1A00E62C39 /* API_Calling */;
			targetProxy = 18B0497A2D1D3D1C00E62C39 /* PBXContainerItemProxy */;
		};
		18B049852D1D3D1C00E62C39 /* PBXTargetDependency */ = {
			isa = PBXTargetDependency;
			target = 18B049682D1D3D1A00E62C39 /* API_Calling */;
			targetProxy = 18B049842D1D3D1C00E62C39 /* PBXContainerItemProxy */;
		};
/* End PBXTargetDependency section */

/* Begin XCBuildConfiguration section */
		18B0498B2D1D3D1C00E62C39 /* Debug */ = {
			isa = XCBuildConfiguration;
			buildSettings = {
				ALWAYS_SEARCH_USER_PATHS = NO;
				ASSETCATALOG_COMPILER_GENERATE_SWIFT_ASSET_SYMBOL_EXTENSIONS = YES;
				CLANG_ANALYZER_NONNULL = YES;
				CLANG_ANALYZER_NUMBER_OBJECT_CONVERSION = YES_AGGRESSIVE;
				CLANG_CXX_LANGUAGE_STANDARD = "gnu++20";
				CLANG_ENABLE_MODULES = YES;
				CLANG_ENABLE_OBJC_ARC = YES;
				CLANG_ENABLE_OBJC_WEAK = YES;
				CLANG_WARN_BLOCK_CAPTURE_AUTORELEASING = YES;
				CLANG_WARN_BOOL_CONVERSION = YES;
				CLANG_WARN_COMMA = YES;
				CLANG_WARN_CONSTANT_CONVERSION = YES;
				CLANG_WARN_DEPRECATED_OBJC_IMPLEMENTATIONS = YES;
				CLANG_WARN_DIRECT_OBJC_ISA_USAGE = YES_ERROR;
				CLANG_WARN_DOCUMENTATION_COMMENTS = YES;
				CLANG_WARN_EMPTY_BODY = YES;
				CLANG_WARN_ENUM_CONVERSION = YES;
				CLANG_WARN_INFINITE_RECURSION = YES;
				CLANG_WARN_INT_CONVERSION = YES;
				CLANG_WARN_NON_LITERAL_NULL_CONVERSION = YES;
				CLANG_WARN_OBJC_IMPLICIT_RETAIN_SELF = YES;
				CLANG_WARN_OBJC_LITERAL_CONVERSION = YES;
				CLANG_WARN_OBJC_ROOT_CLASS = YES_ERROR;
				CLANG_WARN_QUOTED_INCLUDE_IN_FRAMEWORK_HEADER = YES;
				CLANG_WARN_RANGE_LOOP_ANALYSIS = YES;
				CLANG_WARN_STRICT_PROTOTYPES = YES;
				CLANG_WARN_SUSPICIOUS_MOVE = YES;
				CLANG_WARN_UNGUARDED_AVAILABILITY = YES_AGGRESSIVE;
				CLANG_WARN_UNREACHABLE_CODE = YES;
				CLANG_WARN__DUPLICATE_METHOD_MATCH = YES;
				COPY_PHASE_STRIP = NO;
				DEBUG_INFORMATION_FORMAT = dwarf;
				ENABLE_STRICT_OBJC_MSGSEND = YES;
				ENABLE_TESTABILITY = YES;
				ENABLE_USER_SCRIPT_SANDBOXING = YES;
				GCC_C_LANGUAGE_STANDARD = gnu17;
				GCC_DYNAMIC_NO_PIC = NO;
				GCC_NO_COMMON_BLOCKS = YES;
				GCC_OPTIMIZATION_LEVEL = 0;
				GCC_PREPROCESSOR_DEFINITIONS = (
					"DEBUG=1",
					"$(inherited)",
				);
				GCC_WARN_64_TO_32_BIT_CONVERSION = YES;
				GCC_WARN_ABOUT_RETURN_TYPE = YES_ERROR;
				GCC_WARN_UNDECLARED_SELECTOR = YES;
				GCC_WARN_UNINITIALIZED_AUTOS = YES_AGGRESSIVE;
				GCC_WARN_UNUSED_FUNCTION = YES;
				GCC_WARN_UNUSED_VARIABLE = YES;
				IPHONEOS_DEPLOYMENT_TARGET = 17.4;
				LOCALIZATION_PREFERS_STRING_CATALOGS = YES;
				MTL_ENABLE_DEBUG_INFO = INCLUDE_SOURCE;
				MTL_FAST_MATH = YES;
				ONLY_ACTIVE_ARCH = YES;
				SDKROOT = iphoneos;
				SWIFT_ACTIVE_COMPILATION_CONDITIONS = "DEBUG $(inherited)";
				SWIFT_OPTIMIZATION_LEVEL = "-Onone";
			};
			name = Debug;
		};
		18B0498C2D1D3D1C00E62C39 /* Release */ = {
			isa = XCBuildConfiguration;
			buildSettings = {
				ALWAYS_SEARCH_USER_PATHS = NO;
				ASSETCATALOG_COMPILER_GENERATE_SWIFT_ASSET_SYMBOL_EXTENSIONS = YES;
				CLANG_ANALYZER_NONNULL = YES;
				CLANG_ANALYZER_NUMBER_OBJECT_CONVERSION = YES_AGGRESSIVE;
				CLANG_CXX_LANGUAGE_STANDARD = "gnu++20";
				CLANG_ENABLE_MODULES = YES;
				CLANG_ENABLE_OBJC_ARC = YES;
				CLANG_ENABLE_OBJC_WEAK = YES;
				CLANG_WARN_BLOCK_CAPTURE_AUTORELEASING = YES;
				CLANG_WARN_BOOL_CONVERSION = YES;
				CLANG_WARN_COMMA = YES;
				CLANG_WARN_CONSTANT_CONVERSION = YES;
				CLANG_WARN_DEPRECATED_OBJC_IMPLEMENTATIONS = YES;
				CLANG_WARN_DIRECT_OBJC_ISA_USAGE = YES_ERROR;
				CLANG_WARN_DOCUMENTATION_COMMENTS = YES;
				CLANG_WARN_EMPTY_BODY = YES;
				CLANG_WARN_ENUM_CONVERSION = YES;
				CLANG_WARN_INFINITE_RECURSION = YES;
				CLANG_WARN_INT_CONVERSION = YES;
				CLANG_WARN_NON_LITERAL_NULL_CONVERSION = YES;
				CLANG_WARN_OBJC_IMPLICIT_RETAIN_SELF = YES;
				CLANG_WARN_OBJC_LITERAL_CONVERSION = YES;
				CLANG_WARN_OBJC_ROOT_CLASS = YES_ERROR;
				CLANG_WARN_QUOTED_INCLUDE_IN_FRAMEWORK_HEADER = YES;
				CLANG_WARN_RANGE_LOOP_ANALYSIS = YES;
				CLANG_WARN_STRICT_PROTOTYPES = YES;
				CLANG_WARN_SUSPICIOUS_MOVE = YES;
				CLANG_WARN_UNGUARDED_AVAILABILITY = YES_AGGRESSIVE;
				CLANG_WARN_UNREACHABLE_CODE = YES;
				CLANG_WARN__DUPLICATE_METHOD_MATCH = YES;
				COPY_PHASE_STRIP = NO;
				DEBUG_INFORMATION_FORMAT = "dwarf-with-dsym";
				ENABLE_NS_ASSERTIONS = NO;
				ENABLE_STRICT_OBJC_MSGSEND = YES;
				ENABLE_USER_SCRIPT_SANDBOXING = YES;
				GCC_C_LANGUAGE_STANDARD = gnu17;
				GCC_NO_COMMON_BLOCKS = YES;
				GCC_WARN_64_TO_32_BIT_CONVERSION = YES;
				GCC_WARN_ABOUT_RETURN_TYPE = YES_ERROR;
				GCC_WARN_UNDECLARED_SELECTOR = YES;
				GCC_WARN_UNINITIALIZED_AUTOS = YES_AGGRESSIVE;
				GCC_WARN_UNUSED_FUNCTION = YES;
				GCC_WARN_UNUSED_VARIABLE = YES;
				IPHONEOS_DEPLOYMENT_TARGET = 17.4;
				LOCALIZATION_PREFERS_STRING_CATALOGS = YES;
				MTL_ENABLE_DEBUG_INFO = NO;
				MTL_FAST_MATH = YES;
				SDKROOT = iphoneos;
				SWIFT_COMPILATION_MODE = wholemodule;
				VALIDATE_PRODUCT = YES;
			};
			name = Release;
		};
		18B0498E2D1D3D1C00E62C39 /* Debug */ = {
			isa = XCBuildConfiguration;
			buildSettings = {
				ASSETCATALOG_COMPILER_APPICON_NAME = AppIcon;
				ASSETCATALOG_COMPILER_GLOBAL_ACCENT_COLOR_NAME = AccentColor;
				CODE_SIGN_STYLE = Automatic;
				CURRENT_PROJECT_VERSION = 1;
				DEVELOPMENT_ASSET_PATHS = "\"API_Calling/Preview Content\"";
				DEVELOPMENT_TEAM = 5FE62HN6PY;
				ENABLE_PREVIEWS = YES;
				GENERATE_INFOPLIST_FILE = YES;
				INFOPLIST_KEY_UIApplicationSceneManifest_Generation = YES;
				INFOPLIST_KEY_UIApplicationSupportsIndirectInputEvents = YES;
				INFOPLIST_KEY_UILaunchScreen_Generation = YES;
				INFOPLIST_KEY_UISupportedInterfaceOrientations_iPad = "UIInterfaceOrientationPortrait UIInterfaceOrientationPortraitUpsideDown UIInterfaceOrientationLandscapeLeft UIInterfaceOrientationLandscapeRight";
				INFOPLIST_KEY_UISupportedInterfaceOrientations_iPhone = "UIInterfaceOrientationPortrait UIInterfaceOrientationLandscapeLeft UIInterfaceOrientationLandscapeRight";
				LD_RUNPATH_SEARCH_PATHS = (
					"$(inherited)",
					"@executable_path/Frameworks",
				);
				MARKETING_VERSION = 1.0;
				PRODUCT_BUNDLE_IDENTIFIER = "com.companyName.API-Calling";
				PRODUCT_NAME = "$(TARGET_NAME)";
				SWIFT_EMIT_LOC_STRINGS = YES;
				SWIFT_VERSION = 5.0;
				TARGETED_DEVICE_FAMILY = "1,2";
			};
			name = Debug;
		};
		18B0498F2D1D3D1C00E62C39 /* Release */ = {
			isa = XCBuildConfiguration;
			buildSettings = {
				ASSETCATALOG_COMPILER_APPICON_NAME = AppIcon;
				ASSETCATALOG_COMPILER_GLOBAL_ACCENT_COLOR_NAME = AccentColor;
				CODE_SIGN_STYLE = Automatic;
				CURRENT_PROJECT_VERSION = 1;
				DEVELOPMENT_ASSET_PATHS = "\"API_Calling/Preview Content\"";
				DEVELOPMENT_TEAM = 5FE62HN6PY;
				ENABLE_PREVIEWS = YES;
				GENERATE_INFOPLIST_FILE = YES;
				INFOPLIST_KEY_UIApplicationSceneManifest_Generation = YES;
				INFOPLIST_KEY_UIApplicationSupportsIndirectInputEvents = YES;
				INFOPLIST_KEY_UILaunchScreen_Generation = YES;
				INFOPLIST_KEY_UISupportedInterfaceOrientations_iPad = "UIInterfaceOrientationPortrait UIInterfaceOrientationPortraitUpsideDown UIInterfaceOrientationLandscapeLeft UIInterfaceOrientationLandscapeRight";
				INFOPLIST_KEY_UISupportedInterfaceOrientations_iPhone = "UIInterfaceOrientationPortrait UIInterfaceOrientationLandscapeLeft UIInterfaceOrientationLandscapeRight";
				LD_RUNPATH_SEARCH_PATHS = (
					"$(inherited)",
					"@executable_path/Frameworks",
				);
				MARKETING_VERSION = 1.0;
				PRODUCT_BUNDLE_IDENTIFIER = "com.companyName.API-Calling";
				PRODUCT_NAME = "$(TARGET_NAME)";
				SWIFT_EMIT_LOC_STRINGS = YES;
				SWIFT_VERSION = 5.0;
				TARGETED_DEVICE_FAMILY = "1,2";
			};
			name = Release;
		};
		18B049912D1D3D1C00E62C39 /* Debug */ = {
			isa = XCBuildConfiguration;
			buildSettings = {
				ALWAYS_EMBED_SWIFT_STANDARD_LIBRARIES = YES;
				BUNDLE_LOADER = "$(TEST_HOST)";
				CODE_SIGN_STYLE = Automatic;
				CURRENT_PROJECT_VERSION = 1;
				DEVELOPMENT_TEAM = 5FE62HN6PY;
				GENERATE_INFOPLIST_FILE = YES;
				IPHONEOS_DEPLOYMENT_TARGET = 17.4;
				MARKETING_VERSION = 1.0;
				PRODUCT_BUNDLE_IDENTIFIER = "com.companyName.API-CallingTests";
				PRODUCT_NAME = "$(TARGET_NAME)";
				SWIFT_EMIT_LOC_STRINGS = NO;
				SWIFT_VERSION = 5.0;
				TARGETED_DEVICE_FAMILY = "1,2";
				TEST_HOST = "$(BUILT_PRODUCTS_DIR)/API_Calling.app/$(BUNDLE_EXECUTABLE_FOLDER_PATH)/API_Calling";
			};
			name = Debug;
		};
		18B049922D1D3D1C00E62C39 /* Release */ = {
			isa = XCBuildConfiguration;
			buildSettings = {
				ALWAYS_EMBED_SWIFT_STANDARD_LIBRARIES = YES;
				BUNDLE_LOADER = "$(TEST_HOST)";
				CODE_SIGN_STYLE = Automatic;
				CURRENT_PROJECT_VERSION = 1;
				DEVELOPMENT_TEAM = 5FE62HN6PY;
				GENERATE_INFOPLIST_FILE = YES;
				IPHONEOS_DEPLOYMENT_TARGET = 17.4;
				MARKETING_VERSION = 1.0;
				PRODUCT_BUNDLE_IDENTIFIER = "com.companyName.API-CallingTests";
				PRODUCT_NAME = "$(TARGET_NAME)";
				SWIFT_EMIT_LOC_STRINGS = NO;
				SWIFT_VERSION = 5.0;
				TARGETED_DEVICE_FAMILY = "1,2";
				TEST_HOST = "$(BUILT_PRODUCTS_DIR)/API_Calling.app/$(BUNDLE_EXECUTABLE_FOLDER_PATH)/API_Calling";
			};
			name = Release;
		};
		18B049942D1D3D1C00E62C39 /* Debug */ = {
			isa = XCBuildConfiguration;
			buildSettings = {
				ALWAYS_EMBED_SWIFT_STANDARD_LIBRARIES = YES;
				CODE_SIGN_STYLE = Automatic;
				CURRENT_PROJECT_VERSION = 1;
				DEVELOPMENT_TEAM = 5FE62HN6PY;
				GENERATE_INFOPLIST_FILE = YES;
				MARKETING_VERSION = 1.0;
				PRODUCT_BUNDLE_IDENTIFIER = "com.companyName.API-CallingUITests";
				PRODUCT_NAME = "$(TARGET_NAME)";
				SWIFT_EMIT_LOC_STRINGS = NO;
				SWIFT_VERSION = 5.0;
				TARGETED_DEVICE_FAMILY = "1,2";
				TEST_TARGET_NAME = API_Calling;
			};
			name = Debug;
		};
		18B049952D1D3D1C00E62C39 /* Release */ = {
			isa = XCBuildConfiguration;
			buildSettings = {
				ALWAYS_EMBED_SWIFT_STANDARD_LIBRARIES = YES;
				CODE_SIGN_STYLE = Automatic;
				CURRENT_PROJECT_VERSION = 1;
				DEVELOPMENT_TEAM = 5FE62HN6PY;
				GENERATE_INFOPLIST_FILE = YES;
				MARKETING_VERSION = 1.0;
				PRODUCT_BUNDLE_IDENTIFIER = "com.companyName.API-CallingUITests";
				PRODUCT_NAME = "$(TARGET_NAME)";
				SWIFT_EMIT_LOC_STRINGS = NO;
				SWIFT_VERSION = 5.0;
				TARGETED_DEVICE_FAMILY = "1,2";
				TEST_TARGET_NAME = API_Calling;
			};
			name = Release;
		};
/* End XCBuildConfiguration section */

/* Begin XCConfigurationList section */
		18B049642D1D3D1A00E62C39 /* Build configuration list for PBXProject "API_Calling" */ = {
			isa = XCConfigurationList;
			buildConfigurations = (
				18B0498B2D1D3D1C00E62C39 /* Debug */,
				18B0498C2D1D3D1C00E62C39 /* Release */,
			);
			defaultConfigurationIsVisible = 0;
			defaultConfigurationName = Release;
		};
		18B0498D2D1D3D1C00E62C39 /* Build configuration list for PBXNativeTarget "API_Calling" */ = {
			isa = XCConfigurationList;
			buildConfigurations = (
				18B0498E2D1D3D1C00E62C39 /* Debug */,
				18B0498F2D1D3D1C00E62C39 /* Release */,
			);
			defaultConfigurationIsVisible = 0;
			defaultConfigurationName = Release;
		};
		18B049902D1D3D1C00E62C39 /* Build configuration list for PBXNativeTarget "API_CallingTests" */ = {
			isa = XCConfigurationList;
			buildConfigurations = (
				18B049912D1D3D1C00E62C39 /* Debug */,
				18B049922D1D3D1C00E62C39 /* Release */,
			);
			defaultConfigurationIsVisible = 0;
			defaultConfigurationName = Release;
		};
		18B049932D1D3D1C00E62C39 /* Build configuration list for PBXNativeTarget "API_CallingUITests" */ = {
			isa = XCConfigurationList;
			buildConfigurations = (
				18B049942D1D3D1C00E62C39 /* Debug */,
				18B049952D1D3D1C00E62C39 /* Release */,
			);
			defaultConfigurationIsVisible = 0;
			defaultConfigurationName = Release;
		};
/* End XCConfigurationList section */
	};
	rootObject = 18B049612D1D3D1A00E62C39 /* Project object */;
}
